
Microsoft Visual Studio Solution File, Format Version 12.00
# Visual Studio Version 17
VisualStudioVersion = 17.5.33502.453
MinimumVisualStudioVersion = 10.0.40219.1
Project("{FAE04EC0-301F-11D3-BF4B-00C04F79EFBC}") = "BlazorDemo", "BlazorDemo.csproj", "{32732E7D-8C39-4D61-B2BF-C1EC3783273E}"
EndProject
Project("{FAE04EC0-301F-11D3-BF4B-00C04F79EFBC}") = "BlazorDemo.Core", "..\BlazorDemo.Core\BlazorDemo.Core.csproj", "{C2EC8E32-331F-4453-AC3E-FA8806C642D5}"
EndProject
Global
	GlobalSection(SolutionConfigurationPlatforms) = preSolution
		Debug|Any CPU = Debug|Any CPU
		Release|Any CPU = Release|Any CPU
	EndGlobalSection
	GlobalSection(ProjectConfigurationPlatforms) = postSolution
		{32732E7D-8C39-4D61-B2BF-C1EC3783273E}.Debug|Any CPU.ActiveCfg = Debug|Any CPU
		{32732E7D-8C39-4D61-B2BF-C1EC3783273E}.Debug|Any CPU.Build.0 = Debug|Any CPU
		{32732E7D-8C39-4D61-B2BF-C1EC3783273E}.Release|Any CPU.ActiveCfg = Release|Any CPU
		{32732E7D-8C39-4D61-B2BF-C1EC3783273E}.Release|Any CPU.Build.0 = Release|Any CPU
		{C2EC8E32-331F-4453-AC3E-FA8806C642D5}.Debug|Any CPU.ActiveCfg = Debug|Any CPU
		{C2EC8E32-331F-4453-AC3E-FA8806C642D5}.Debug|Any CPU.Build.0 = Debug|Any CPU
		{C2EC8E32-331F-4453-AC3E-FA8806C642D5}.Release|Any CPU.ActiveCfg = Release|Any CPU
		{C2EC8E32-331F-4453-AC3E-FA8806C642D5}.Release|Any CPU.Build.0 = Release|Any CPU
	EndGlobalSection
	GlobalSection(SolutionProperties) = preSolution
		HideSolutionNode = FALSE
	EndGlobalSection
	GlobalSection(ExtensibilityGlobals) = postSolution
		SolutionGuid = {CDB5CB5C-CDB8-4B0B-AB9B-6E03A7443D9B}
	EndGlobalSection
EndGlobal
